
Microsoft Visual Studio Solution File, Format Version 12.00
# Visual Studio Version 17
VisualStudioVersion = 17.1.32407.343
MinimumVisualStudioVersion = 10.0.40219.1
Project("{8BC9CEB8-8B4A-11D0-8D11-00A0C91BC942}") = "cshogi_test1", "cshogi_test1.vcxproj", "{56DB812C-B1C4-4913-B94E-FDAA50486F15}"
EndProject
Global
	GlobalSection(SolutionConfigurationPlatforms) = preSolution
		Debug|x64 = Debug|x64
		Debug|x86 = Debug|x86
		GEN_SFEN|x64 = GEN_SFEN|x64
		GEN_SFEN|x86 = GEN_SFEN|x86
		PARALLEL_PUCT_PLAYER_DEBUG|x64 = PARALLEL_PUCT_PLAYER_DEBUG|x64
		PARALLEL_PUCT_PLAYER_DEBUG|x86 = PARALLEL_PUCT_PLAYER_DEBUG|x86
		PARALLEL_PUCT_PLAYER_DR4|x64 = PARALLEL_PUCT_PLAYER_DR4|x64
		PARALLEL_PUCT_PLAYER_DR4|x86 = PARALLEL_PUCT_PLAYER_DR4|x86
		PARALLEL_PUCT_PLAYER|x64 = PARALLEL_PUCT_PLAYER|x64
		PARALLEL_PUCT_PLAYER|x86 = PARALLEL_PUCT_PLAYER|x86
		PGO_PROFILE|x64 = PGO_PROFILE|x64
		PGO_PROFILE|x86 = PGO_PROFILE|x86
		PGO_USE_PROFILE|x64 = PGO_USE_PROFILE|x64
		PGO_USE_PROFILE|x86 = PGO_USE_PROFILE|x86
		PUCT_PLAYER_DEBUG|x64 = PUCT_PLAYER_DEBUG|x64
		PUCT_PLAYER_DEBUG|x86 = PUCT_PLAYER_DEBUG|x86
		PUCT_PLAYER|x64 = PUCT_PLAYER|x64
		PUCT_PLAYER|x86 = PUCT_PLAYER|x86
		RANDOM_PLAYER|x64 = RANDOM_PLAYER|x64
		RANDOM_PLAYER|x86 = RANDOM_PLAYER|x86
		Release|x64 = Release|x64
		Release|x86 = Release|x86
		UCT_RANDOM_PLAYER|x64 = UCT_RANDOM_PLAYER|x64
		UCT_RANDOM_PLAYER|x86 = UCT_RANDOM_PLAYER|x86
	EndGlobalSection
	GlobalSection(ProjectConfigurationPlatforms) = postSolution
		{56DB812C-B1C4-4913-B94E-FDAA50486F15}.Debug|x64.ActiveCfg = Debug|x64
		{56DB812C-B1C4-4913-B94E-FDAA50486F15}.Debug|x64.Build.0 = Debug|x64
		{56DB812C-B1C4-4913-B94E-FDAA50486F15}.Debug|x86.ActiveCfg = Debug|Win32
		{56DB812C-B1C4-4913-B94E-FDAA50486F15}.Debug|x86.Build.0 = Debug|Win32
		{56DB812C-B1C4-4913-B94E-FDAA50486F15}.GEN_SFEN|x64.ActiveCfg = GEN_SFEN|x64
		{56DB812C-B1C4-4913-B94E-FDAA50486F15}.GEN_SFEN|x64.Build.0 = GEN_SFEN|x64
		{56DB812C-B1C4-4913-B94E-FDAA50486F15}.GEN_SFEN|x86.ActiveCfg = GEN_SFEN|Win32
		{56DB812C-B1C4-4913-B94E-FDAA50486F15}.GEN_SFEN|x86.Build.0 = GEN_SFEN|Win32
		{56DB812C-B1C4-4913-B94E-FDAA50486F15}.PARALLEL_PUCT_PLAYER_DEBUG|x64.ActiveCfg = PARALLEL_PUCT_PLAYER_DEBUG|x64
		{56DB812C-B1C4-4913-B94E-FDAA50486F15}.PARALLEL_PUCT_PLAYER_DEBUG|x64.Build.0 = PARALLEL_PUCT_PLAYER_DEBUG|x64
		{56DB812C-B1C4-4913-B94E-FDAA50486F15}.PARALLEL_PUCT_PLAYER_DEBUG|x86.ActiveCfg = PARALLEL_PUCT_PLAYER_DEBUG|Win32
		{56DB812C-B1C4-4913-B94E-FDAA50486F15}.PARALLEL_PUCT_PLAYER_DEBUG|x86.Build.0 = PARALLEL_PUCT_PLAYER_DEBUG|Win32
		{56DB812C-B1C4-4913-B94E-FDAA50486F15}.PARALLEL_PUCT_PLAYER_DR4|x64.ActiveCfg = PARALLEL_PUCT_PLAYER_DR4|x64
		{56DB812C-B1C4-4913-B94E-FDAA50486F15}.PARALLEL_PUCT_PLAYER_DR4|x64.Build.0 = PARALLEL_PUCT_PLAYER_DR4|x64
		{56DB812C-B1C4-4913-B94E-FDAA50486F15}.PARALLEL_PUCT_PLAYER_DR4|x86.ActiveCfg = PARALLEL_PUCT_PLAYER_DR4|Win32
		{56DB812C-B1C4-4913-B94E-FDAA50486F15}.PARALLEL_PUCT_PLAYER_DR4|x86.Build.0 = PARALLEL_PUCT_PLAYER_DR4|Win32
		{56DB812C-B1C4-4913-B94E-FDAA50486F15}.PARALLEL_PUCT_PLAYER|x64.ActiveCfg = PARALLEL_PUCT_PLAYER|x64
		{56DB812C-B1C4-4913-B94E-FDAA50486F15}.PARALLEL_PUCT_PLAYER|x64.Build.0 = PARALLEL_PUCT_PLAYER|x64
		{56DB812C-B1C4-4913-B94E-FDAA50486F15}.PARALLEL_PUCT_PLAYER|x86.ActiveCfg = PARALLEL_PUCT_PLAYER|Win32
		{56DB812C-B1C4-4913-B94E-FDAA50486F15}.PARALLEL_PUCT_PLAYER|x86.Build.0 = PARALLEL_PUCT_PLAYER|Win32
		{56DB812C-B1C4-4913-B94E-FDAA50486F15}.PGO_PROFILE|x64.ActiveCfg = PGO_PROFILE|x64
		{56DB812C-B1C4-4913-B94E-FDAA50486F15}.PGO_PROFILE|x64.Build.0 = PGO_PROFILE|x64
		{56DB812C-B1C4-4913-B94E-FDAA50486F15}.PGO_PROFILE|x86.ActiveCfg = PGO_PROFILE|Win32
		{56DB812C-B1C4-4913-B94E-FDAA50486F15}.PGO_PROFILE|x86.Build.0 = PGO_PROFILE|Win32
		{56DB812C-B1C4-4913-B94E-FDAA50486F15}.PGO_USE_PROFILE|x64.ActiveCfg = RANDOM_PLAYER|x64
		{56DB812C-B1C4-4913-B94E-FDAA50486F15}.PGO_USE_PROFILE|x64.Build.0 = RANDOM_PLAYER|x64
		{56DB812C-B1C4-4913-B94E-FDAA50486F15}.PGO_USE_PROFILE|x86.ActiveCfg = PGO_USE_PROFILE|x64
		{56DB812C-B1C4-4913-B94E-FDAA50486F15}.PUCT_PLAYER_DEBUG|x64.ActiveCfg = PUCT_PLAYER_DEBUG|x64
		{56DB812C-B1C4-4913-B94E-FDAA50486F15}.PUCT_PLAYER_DEBUG|x64.Build.0 = PUCT_PLAYER_DEBUG|x64
		{56DB812C-B1C4-4913-B94E-FDAA50486F15}.PUCT_PLAYER_DEBUG|x86.ActiveCfg = PUCT_PLAYER_DEBUG|Win32
		{56DB812C-B1C4-4913-B94E-FDAA50486F15}.PUCT_PLAYER_DEBUG|x86.Build.0 = PUCT_PLAYER_DEBUG|Win32
		{56DB812C-B1C4-4913-B94E-FDAA50486F15}.PUCT_PLAYER|x64.ActiveCfg = PUCT_PLAYER|x64
		{56DB812C-B1C4-4913-B94E-FDAA50486F15}.PUCT_PLAYER|x64.Build.0 = PUCT_PLAYER|x64
		{56DB812C-B1C4-4913-B94E-FDAA50486F15}.PUCT_PLAYER|x86.ActiveCfg = PUCT_PLAYER|Win32
		{56DB812C-B1C4-4913-B94E-FDAA50486F15}.PUCT_PLAYER|x86.Build.0 = PUCT_PLAYER|Win32
		{56DB812C-B1C4-4913-B94E-FDAA50486F15}.RANDOM_PLAYER|x64.ActiveCfg = RANDOM_PLAYER|x64
		{56DB812C-B1C4-4913-B94E-FDAA50486F15}.RANDOM_PLAYER|x64.Build.0 = RANDOM_PLAYER|x64
		{56DB812C-B1C4-4913-B94E-FDAA50486F15}.RANDOM_PLAYER|x86.ActiveCfg = RANDOM_PLAYER|Win32
		{56DB812C-B1C4-4913-B94E-FDAA50486F15}.RANDOM_PLAYER|x86.Build.0 = RANDOM_PLAYER|Win32
		{56DB812C-B1C4-4913-B94E-FDAA50486F15}.Release|x64.ActiveCfg = Release|x64
		{56DB812C-B1C4-4913-B94E-FDAA50486F15}.Release|x64.Build.0 = Release|x64
		{56DB812C-B1C4-4913-B94E-FDAA50486F15}.Release|x86.ActiveCfg = Release|Win32
		{56DB812C-B1C4-4913-B94E-FDAA50486F15}.Release|x86.Build.0 = Release|Win32
		{56DB812C-B1C4-4913-B94E-FDAA50486F15}.UCT_RANDOM_PLAYER|x64.ActiveCfg = UCT_RANDOM_PLAYER|x64
		{56DB812C-B1C4-4913-B94E-FDAA50486F15}.UCT_RANDOM_PLAYER|x64.Build.0 = UCT_RANDOM_PLAYER|x64
		{56DB812C-B1C4-4913-B94E-FDAA50486F15}.UCT_RANDOM_PLAYER|x86.ActiveCfg = UCT_RANDOM_PLAYER|Win32
		{56DB812C-B1C4-4913-B94E-FDAA50486F15}.UCT_RANDOM_PLAYER|x86.Build.0 = UCT_RANDOM_PLAYER|Win32
	EndGlobalSection
	GlobalSection(SolutionProperties) = preSolution
		HideSolutionNode = FALSE
	EndGlobalSection
	GlobalSection(ExtensibilityGlobals) = postSolution
		SolutionGuid = {0E02BE7B-C924-4E2C-AB15-988F1D12F217}
	EndGlobalSection
EndGlobal
